
Microsoft Visual Studio Solution File, Format Version 12.00
# Visual Studio Version 17
VisualStudioVersion = 17.13.35507.96
MinimumVisualStudioVersion = 10.0.40219.1
Project("{2150E333-8FDC-42A3-9474-1A3956D46DE8}") = "src", "src", "{02EA681E-C7D8-13C7-8484-4AC65E1B71E8}"
EndProject
Project("{2150E333-8FDC-42A3-9474-1A3956D46DE8}") = "tests", "tests", "{41AD37EB-0046-416D-AACF-AE2035EC2151}"
EndProject
Project("{9A19103F-16F7-4668-BE54-9A1E7A4F7556}") = "CashFlow.Api", "src\CashFlow.Api\CashFlow.Api.csproj", "{2BDF2119-2724-464D-B4DF-EA71A578FB17}"
EndProject
Project("{9A19103F-16F7-4668-BE54-9A1E7A4F7556}") = "CashFlow.Domain", "src\CashFlow.Domain\CashFlow.Domain.csproj", "{74D843EB-2C2E-4877-A012-6186B4EFBF98}"
EndProject
Project("{9A19103F-16F7-4668-BE54-9A1E7A4F7556}") = "CashFlow.Application", "src\CashFlow.Application\CashFlow.Application.csproj", "{927DAEE7-42D4-4F30-933E-B7BA3750C3B5}"
EndProject
Project("{9A19103F-16F7-4668-BE54-9A1E7A4F7556}") = "CashFlow.Communication", "src\CashFlow.Communication\CashFlow.Communication.csproj", "{F61938FF-4403-496B-AD9B-28EE4281F378}"
EndProject
Project("{9A19103F-16F7-4668-BE54-9A1E7A4F7556}") = "CashFlow.Exception", "src\CashFlow.Exception\CashFlow.Exception.csproj", "{3E4E8E96-CF1F-482F-8C8B-D5607797DB28}"
EndProject
Project("{FAE04EC0-301F-11D3-BF4B-00C04F79EFBC}") = "CashFlow.Infrastructure", "src\CashFlow.Infrastructure\CashFlow.Infrastructure.csproj", "{695513FB-B482-4DDF-B2E4-B2BB1FFCAB9E}"
EndProject
Project("{FAE04EC0-301F-11D3-BF4B-00C04F79EFBC}") = "Validators.Test", "tests\Validators.Test\Validators.Test.csproj", "{7F846E5E-2231-4630-BAB7-6F02C69F0C33}"
EndProject
Project("{FAE04EC0-301F-11D3-BF4B-00C04F79EFBC}") = "CommonTestUtilities", "tests\CommonTestUtilities\CommonTestUtilities.csproj", "{DC6D7AB9-CD4D-40D7-A3FB-CBFC33052A1A}"
EndProject
Project("{FAE04EC0-301F-11D3-BF4B-00C04F79EFBC}") = "UseCases.Test", "tests\UseCases.Test\UseCases.Test.csproj", "{9278101D-F167-43FA-87E4-4E1C197B6C07}"
EndProject
Project("{FAE04EC0-301F-11D3-BF4B-00C04F79EFBC}") = "WebApi.Test", "tests\WebApi.Test\WebApi.Test.csproj", "{2C8AC14D-A1CB-4746-9B52-3FDB6955CAD7}"
EndProject
Global
	GlobalSection(SolutionConfigurationPlatforms) = preSolution
		Debug|Any CPU = Debug|Any CPU
		Release|Any CPU = Release|Any CPU
	EndGlobalSection
	GlobalSection(ProjectConfigurationPlatforms) = postSolution
		{2BDF2119-2724-464D-B4DF-EA71A578FB17}.Debug|Any CPU.ActiveCfg = Debug|Any CPU
		{2BDF2119-2724-464D-B4DF-EA71A578FB17}.Debug|Any CPU.Build.0 = Debug|Any CPU
		{2BDF2119-2724-464D-B4DF-EA71A578FB17}.Release|Any CPU.ActiveCfg = Release|Any CPU
		{2BDF2119-2724-464D-B4DF-EA71A578FB17}.Release|Any CPU.Build.0 = Release|Any CPU
		{74D843EB-2C2E-4877-A012-6186B4EFBF98}.Debug|Any CPU.ActiveCfg = Debug|Any CPU
		{74D843EB-2C2E-4877-A012-6186B4EFBF98}.Debug|Any CPU.Build.0 = Debug|Any CPU
		{74D843EB-2C2E-4877-A012-6186B4EFBF98}.Release|Any CPU.ActiveCfg = Release|Any CPU
		{74D843EB-2C2E-4877-A012-6186B4EFBF98}.Release|Any CPU.Build.0 = Release|Any CPU
		{927DAEE7-42D4-4F30-933E-B7BA3750C3B5}.Debug|Any CPU.ActiveCfg = Debug|Any CPU
		{927DAEE7-42D4-4F30-933E-B7BA3750C3B5}.Debug|Any CPU.Build.0 = Debug|Any CPU
		{927DAEE7-42D4-4F30-933E-B7BA3750C3B5}.Release|Any CPU.ActiveCfg = Release|Any CPU
		{927DAEE7-42D4-4F30-933E-B7BA3750C3B5}.Release|Any CPU.Build.0 = Release|Any CPU
		{F61938FF-4403-496B-AD9B-28EE4281F378}.Debug|Any CPU.ActiveCfg = Debug|Any CPU
		{F61938FF-4403-496B-AD9B-28EE4281F378}.Debug|Any CPU.Build.0 = Debug|Any CPU
		{F61938FF-4403-496B-AD9B-28EE4281F378}.Release|Any CPU.ActiveCfg = Release|Any CPU
		{F61938FF-4403-496B-AD9B-28EE4281F378}.Release|Any CPU.Build.0 = Release|Any CPU
		{3E4E8E96-CF1F-482F-8C8B-D5607797DB28}.Debug|Any CPU.ActiveCfg = Debug|Any CPU
		{3E4E8E96-CF1F-482F-8C8B-D5607797DB28}.Debug|Any CPU.Build.0 = Debug|Any CPU
		{3E4E8E96-CF1F-482F-8C8B-D5607797DB28}.Release|Any CPU.ActiveCfg = Release|Any CPU
		{3E4E8E96-CF1F-482F-8C8B-D5607797DB28}.Release|Any CPU.Build.0 = Release|Any CPU
		{695513FB-B482-4DDF-B2E4-B2BB1FFCAB9E}.Debug|Any CPU.ActiveCfg = Debug|Any CPU
		{695513FB-B482-4DDF-B2E4-B2BB1FFCAB9E}.Debug|Any CPU.Build.0 = Debug|Any CPU
		{695513FB-B482-4DDF-B2E4-B2BB1FFCAB9E}.Release|Any CPU.ActiveCfg = Release|Any CPU
		{695513FB-B482-4DDF-B2E4-B2BB1FFCAB9E}.Release|Any CPU.Build.0 = Release|Any CPU
		{7F846E5E-2231-4630-BAB7-6F02C69F0C33}.Debug|Any CPU.ActiveCfg = Debug|Any CPU
		{7F846E5E-2231-4630-BAB7-6F02C69F0C33}.Debug|Any CPU.Build.0 = Debug|Any CPU
		{7F846E5E-2231-4630-BAB7-6F02C69F0C33}.Release|Any CPU.ActiveCfg = Release|Any CPU
		{7F846E5E-2231-4630-BAB7-6F02C69F0C33}.Release|Any CPU.Build.0 = Release|Any CPU
		{DC6D7AB9-CD4D-40D7-A3FB-CBFC33052A1A}.Debug|Any CPU.ActiveCfg = Debug|Any CPU
		{DC6D7AB9-CD4D-40D7-A3FB-CBFC33052A1A}.Debug|Any CPU.Build.0 = Debug|Any CPU
		{DC6D7AB9-CD4D-40D7-A3FB-CBFC33052A1A}.Release|Any CPU.ActiveCfg = Release|Any CPU
		{DC6D7AB9-CD4D-40D7-A3FB-CBFC33052A1A}.Release|Any CPU.Build.0 = Release|Any CPU
		{9278101D-F167-43FA-87E4-4E1C197B6C07}.Debug|Any CPU.ActiveCfg = Debug|Any CPU
		{9278101D-F167-43FA-87E4-4E1C197B6C07}.Debug|Any CPU.Build.0 = Debug|Any CPU
		{9278101D-F167-43FA-87E4-4E1C197B6C07}.Release|Any CPU.ActiveCfg = Release|Any CPU
		{9278101D-F167-43FA-87E4-4E1C197B6C07}.Release|Any CPU.Build.0 = Release|Any CPU
		{2C8AC14D-A1CB-4746-9B52-3FDB6955CAD7}.Debug|Any CPU.ActiveCfg = Debug|Any CPU
		{2C8AC14D-A1CB-4746-9B52-3FDB6955CAD7}.Debug|Any CPU.Build.0 = Debug|Any CPU
		{2C8AC14D-A1CB-4746-9B52-3FDB6955CAD7}.Release|Any CPU.ActiveCfg = Release|Any CPU
		{2C8AC14D-A1CB-4746-9B52-3FDB6955CAD7}.Release|Any CPU.Build.0 = Release|Any CPU
	EndGlobalSection
	GlobalSection(SolutionProperties) = preSolution
		HideSolutionNode = FALSE
	EndGlobalSection
	GlobalSection(NestedProjects) = preSolution
		{2BDF2119-2724-464D-B4DF-EA71A578FB17} = {02EA681E-C7D8-13C7-8484-4AC65E1B71E8}
		{74D843EB-2C2E-4877-A012-6186B4EFBF98} = {02EA681E-C7D8-13C7-8484-4AC65E1B71E8}
		{927DAEE7-42D4-4F30-933E-B7BA3750C3B5} = {02EA681E-C7D8-13C7-8484-4AC65E1B71E8}
		{F61938FF-4403-496B-AD9B-28EE4281F378} = {02EA681E-C7D8-13C7-8484-4AC65E1B71E8}
		{3E4E8E96-CF1F-482F-8C8B-D5607797DB28} = {02EA681E-C7D8-13C7-8484-4AC65E1B71E8}
		{695513FB-B482-4DDF-B2E4-B2BB1FFCAB9E} = {02EA681E-C7D8-13C7-8484-4AC65E1B71E8}
		{7F846E5E-2231-4630-BAB7-6F02C69F0C33} = {41AD37EB-0046-416D-AACF-AE2035EC2151}
		{DC6D7AB9-CD4D-40D7-A3FB-CBFC33052A1A} = {41AD37EB-0046-416D-AACF-AE2035EC2151}
		{9278101D-F167-43FA-87E4-4E1C197B6C07} = {41AD37EB-0046-416D-AACF-AE2035EC2151}
		{2C8AC14D-A1CB-4746-9B52-3FDB6955CAD7} = {41AD37EB-0046-416D-AACF-AE2035EC2151}
	EndGlobalSection
	GlobalSection(ExtensibilityGlobals) = postSolution
		SolutionGuid = {A0A27C47-21C2-4E02-817B-881A416BCA52}
	EndGlobalSection
EndGlobal
